
Microsoft Visual Studio Solution File, Format Version 12.00
# Visual Studio Version 17
VisualStudioVersion = 17.1.32228.430
MinimumVisualStudioVersion = 10.0.40219.1
Project("{FAE04EC0-301F-11D3-BF4B-00C04F79EFBC}") = "DataAccess", "DataAccess\DataAccess.csproj", "{CA5CCF01-049B-42B9-9A26-1E9F6E4B83FD}"
EndProject
Project("{FAE04EC0-301F-11D3-BF4B-00C04F79EFBC}") = "RecipesRealm", "RecipesRealm\RecipesRealm.csproj", "{8ECF3E11-1116-44D6-927A-6D5C24578A12}"
EndProject
Project("{FAE04EC0-301F-11D3-BF4B-00C04F79EFBC}") = "ModelsLibrary", "ModelsLibrary\ModelsLibrary.csproj", "{1703872E-AB6E-4C87-A3FA-0F8229201820}"
EndProject
Project("{FAE04EC0-301F-11D3-BF4B-00C04F79EFBC}") = "DatabaseRepository", "DatabaseRepository\DatabaseRepository.csproj", "{57EA6290-071F-4C2F-B545-4323C3C85726}"
EndProject
Project("{FAE04EC0-301F-11D3-BF4B-00C04F79EFBC}") = "BusinessLayer", "BusinessLayer\BusinessLayer.csproj", "{0C62DF47-BC37-4660-82DF-ABD9BFEB02FA}"
EndProject
Global
	GlobalSection(SolutionConfigurationPlatforms) = preSolution
		Debug|Any CPU = Debug|Any CPU
		Release|Any CPU = Release|Any CPU
	EndGlobalSection
	GlobalSection(ProjectConfigurationPlatforms) = postSolution
		{CA5CCF01-049B-42B9-9A26-1E9F6E4B83FD}.Debug|Any CPU.ActiveCfg = Debug|Any CPU
		{CA5CCF01-049B-42B9-9A26-1E9F6E4B83FD}.Debug|Any CPU.Build.0 = Debug|Any CPU
		{CA5CCF01-049B-42B9-9A26-1E9F6E4B83FD}.Release|Any CPU.ActiveCfg = Release|Any CPU
		{CA5CCF01-049B-42B9-9A26-1E9F6E4B83FD}.Release|Any CPU.Build.0 = Release|Any CPU
		{8ECF3E11-1116-44D6-927A-6D5C24578A12}.Debug|Any CPU.ActiveCfg = Debug|Any CPU
		{8ECF3E11-1116-44D6-927A-6D5C24578A12}.Debug|Any CPU.Build.0 = Debug|Any CPU
		{8ECF3E11-1116-44D6-927A-6D5C24578A12}.Release|Any CPU.ActiveCfg = Release|Any CPU
		{8ECF3E11-1116-44D6-927A-6D5C24578A12}.Release|Any CPU.Build.0 = Release|Any CPU
		{1703872E-AB6E-4C87-A3FA-0F8229201820}.Debug|Any CPU.ActiveCfg = Debug|Any CPU
		{1703872E-AB6E-4C87-A3FA-0F8229201820}.Debug|Any CPU.Build.0 = Debug|Any CPU
		{1703872E-AB6E-4C87-A3FA-0F8229201820}.Release|Any CPU.ActiveCfg = Release|Any CPU
		{1703872E-AB6E-4C87-A3FA-0F8229201820}.Release|Any CPU.Build.0 = Release|Any CPU
		{57EA6290-071F-4C2F-B545-4323C3C85726}.Debug|Any CPU.ActiveCfg = Debug|Any CPU
		{57EA6290-071F-4C2F-B545-4323C3C85726}.Debug|Any CPU.Build.0 = Debug|Any CPU
		{57EA6290-071F-4C2F-B545-4323C3C85726}.Release|Any CPU.ActiveCfg = Release|Any CPU
		{57EA6290-071F-4C2F-B545-4323C3C85726}.Release|Any CPU.Build.0 = Release|Any CPU
		{0C62DF47-BC37-4660-82DF-ABD9BFEB02FA}.Debug|Any CPU.ActiveCfg = Debug|Any CPU
		{0C62DF47-BC37-4660-82DF-ABD9BFEB02FA}.Debug|Any CPU.Build.0 = Debug|Any CPU
		{0C62DF47-BC37-4660-82DF-ABD9BFEB02FA}.Release|Any CPU.ActiveCfg = Release|Any CPU
		{0C62DF47-BC37-4660-82DF-ABD9BFEB02FA}.Release|Any CPU.Build.0 = Release|Any CPU
	EndGlobalSection
	GlobalSection(SolutionProperties) = preSolution
		HideSolutionNode = FALSE
	EndGlobalSection
	GlobalSection(ExtensibilityGlobals) = postSolution
		SolutionGuid = {E58CE0DB-51E3-40B0-9C72-E7EA9FAE535F}
	EndGlobalSection
EndGlobal
